
Microsoft Visual Studio Solution File, Format Version 12.00
# Visual Studio Version 17
VisualStudioVersion = 17.2.32630.192
MinimumVisualStudioVersion = 10.0.40219.1
Project("{FAE04EC0-301F-11D3-BF4B-00C04F79EFBC}") = "GestaoFinanceira", "GestaoFinanceira\GestaoFinanceira.csproj", "{2EB0FD1B-4A6D-4B08-8E50-CC586D41B8B1}"
EndProject
Global
	GlobalSection(SolutionConfigurationPlatforms) = preSolution
		Debug|Any CPU = Debug|Any CPU
		Release|Any CPU = Release|Any CPU
	EndGlobalSection
	GlobalSection(ProjectConfigurationPlatforms) = postSolution
		{2EB0FD1B-4A6D-4B08-8E50-CC586D41B8B1}.Debug|Any CPU.ActiveCfg = Debug|Any CPU
		{2EB0FD1B-4A6D-4B08-8E50-CC586D41B8B1}.Debug|Any CPU.Build.0 = Debug|Any CPU
		{2EB0FD1B-4A6D-4B08-8E50-CC586D41B8B1}.Release|Any CPU.ActiveCfg = Release|Any CPU
		{2EB0FD1B-4A6D-4B08-8E50-CC586D41B8B1}.Release|Any CPU.Build.0 = Release|Any CPU
	EndGlobalSection
	GlobalSection(SolutionProperties) = preSolution
		HideSolutionNode = FALSE
	EndGlobalSection
	GlobalSection(ExtensibilityGlobals) = postSolution
		SolutionGuid = {01C1AAFC-25EE-4DAE-AFEE-FACE57FAF249}
	EndGlobalSection
EndGlobal
